
Microsoft Visual Studio Solution File, Format Version 12.00
# Visual Studio Version 16
VisualStudioVersion = 16.0.31229.75
MinimumVisualStudioVersion = 10.0.40219.1
Project("{FAE04EC0-301F-11D3-BF4B-00C04F79EFBC}") = "FiguresLibrary", "FiguresLibrary\FiguresLibrary.csproj", "{C363C859-0F98-40EB-860A-2D129BB7A11E}"
EndProject
Project("{FAE04EC0-301F-11D3-BF4B-00C04F79EFBC}") = "FiguresLibraryTests", "FiguresLibrary\FiguresLibraryTests\FiguresLibraryTests.csproj", "{E05B6EC3-1C2F-4A9D-AB53-A3970ED9A1C6}"
EndProject
Project("{FAE04EC0-301F-11D3-BF4B-00C04F79EFBC}") = "ConsoleAppLab1", "ConsoleAppLab1\ConsoleAppLab1.csproj", "{D674D3E4-9963-4074-AA2C-1E4F5680AC61}"
EndProject
Project("{2150E333-8FDC-42A3-9474-1A3956D46DE8}") = "Solution Items", "Solution Items", "{433F268F-82ED-4BA9-A387-A93D35868703}"
	ProjectSection(SolutionItems) = preProject
		.editorconfig = .editorconfig
	EndProjectSection
EndProject
Global
	GlobalSection(SolutionConfigurationPlatforms) = preSolution
		Debug|Any CPU = Debug|Any CPU
		Release|Any CPU = Release|Any CPU
	EndGlobalSection
	GlobalSection(ProjectConfigurationPlatforms) = postSolution
		{C363C859-0F98-40EB-860A-2D129BB7A11E}.Debug|Any CPU.ActiveCfg = Debug|Any CPU
		{C363C859-0F98-40EB-860A-2D129BB7A11E}.Debug|Any CPU.Build.0 = Debug|Any CPU
		{C363C859-0F98-40EB-860A-2D129BB7A11E}.Release|Any CPU.ActiveCfg = Release|Any CPU
		{C363C859-0F98-40EB-860A-2D129BB7A11E}.Release|Any CPU.Build.0 = Release|Any CPU
		{E05B6EC3-1C2F-4A9D-AB53-A3970ED9A1C6}.Debug|Any CPU.ActiveCfg = Debug|Any CPU
		{E05B6EC3-1C2F-4A9D-AB53-A3970ED9A1C6}.Debug|Any CPU.Build.0 = Debug|Any CPU
		{E05B6EC3-1C2F-4A9D-AB53-A3970ED9A1C6}.Release|Any CPU.ActiveCfg = Release|Any CPU
		{E05B6EC3-1C2F-4A9D-AB53-A3970ED9A1C6}.Release|Any CPU.Build.0 = Release|Any CPU
		{D674D3E4-9963-4074-AA2C-1E4F5680AC61}.Debug|Any CPU.ActiveCfg = Debug|Any CPU
		{D674D3E4-9963-4074-AA2C-1E4F5680AC61}.Debug|Any CPU.Build.0 = Debug|Any CPU
		{D674D3E4-9963-4074-AA2C-1E4F5680AC61}.Release|Any CPU.ActiveCfg = Release|Any CPU
		{D674D3E4-9963-4074-AA2C-1E4F5680AC61}.Release|Any CPU.Build.0 = Release|Any CPU
	EndGlobalSection
	GlobalSection(SolutionProperties) = preSolution
		HideSolutionNode = FALSE
	EndGlobalSection
	GlobalSection(ExtensibilityGlobals) = postSolution
		SolutionGuid = {2039EAD5-51DF-4651-8F38-93857FAE29E0}
	EndGlobalSection
EndGlobal
